{"packages":{"unittest":{"version":"0.3.2","source":"hosted","description":"unittest"},"sqljocky":{"version":"0.2.4","source":"hosted","description":"sqljocky"},"meta":{"version":"0.3.2","source":"hosted","description":"meta"},"logging":{"version":"0.3.2","source":"hosted","description":"logging"},"options_file":{"version":"0.9.10","source":"hosted","description":"options_file"}}}